
Microsoft Visual Studio Solution File, Format Version 12.00
# Visual Studio 2017
Project("{FAE04EC0-301F-11D3-BF4B-00C04F79EFBC}") = "UFO Shooter", "UFO Shooter.csproj", "{CDC77DC8-0B2C-A7A6-48B1-78CCCEF70DE1}"
EndProject
Project("{FAE04EC0-301F-11D3-BF4B-00C04F79EFBC}") = "UFO Shooter.Plugins", "UFO Shooter.Plugins.csproj", "{BF000913-6FFF-2113-07DB-ED5507ED04A9}"
EndProject
Project("{FAE04EC0-301F-11D3-BF4B-00C04F79EFBC}") = "UFO Shooter.Editor.Plugins", "UFO Shooter.Editor.Plugins.csproj", "{8BD97E96-BA3C-0F09-A039-0D03D51E99F5}"
EndProject
Global
	GlobalSection(SolutionConfigurationPlatforms) = preSolution
		Debug|Any CPU = Debug|Any CPU
		Release|Any CPU = Release|Any CPU
	EndGlobalSection
	GlobalSection(ProjectConfigurationPlatforms) = postSolution
		{CDC77DC8-0B2C-A7A6-48B1-78CCCEF70DE1}.Debug|Any CPU.ActiveCfg = Debug|Any CPU
		{CDC77DC8-0B2C-A7A6-48B1-78CCCEF70DE1}.Debug|Any CPU.Build.0 = Debug|Any CPU
		{CDC77DC8-0B2C-A7A6-48B1-78CCCEF70DE1}.Release|Any CPU.ActiveCfg = Release|Any CPU
		{CDC77DC8-0B2C-A7A6-48B1-78CCCEF70DE1}.Release|Any CPU.Build.0 = Release|Any CPU
		{BF000913-6FFF-2113-07DB-ED5507ED04A9}.Debug|Any CPU.ActiveCfg = Debug|Any CPU
		{BF000913-6FFF-2113-07DB-ED5507ED04A9}.Debug|Any CPU.Build.0 = Debug|Any CPU
		{BF000913-6FFF-2113-07DB-ED5507ED04A9}.Release|Any CPU.ActiveCfg = Release|Any CPU
		{BF000913-6FFF-2113-07DB-ED5507ED04A9}.Release|Any CPU.Build.0 = Release|Any CPU
		{8BD97E96-BA3C-0F09-A039-0D03D51E99F5}.Debug|Any CPU.ActiveCfg = Debug|Any CPU
		{8BD97E96-BA3C-0F09-A039-0D03D51E99F5}.Debug|Any CPU.Build.0 = Debug|Any CPU
		{8BD97E96-BA3C-0F09-A039-0D03D51E99F5}.Release|Any CPU.ActiveCfg = Release|Any CPU
		{8BD97E96-BA3C-0F09-A039-0D03D51E99F5}.Release|Any CPU.Build.0 = Release|Any CPU
	EndGlobalSection
	GlobalSection(SolutionProperties) = preSolution
		HideSolutionNode = FALSE
	EndGlobalSection
EndGlobal
